
Microsoft Visual Studio Solution File, Format Version 12.00
# Visual Studio Version 17
VisualStudioVersion = 17.5.33516.290
MinimumVisualStudioVersion = 10.0.40219.1
Project("{2150E333-8FDC-42A3-9474-1A3956D46DE8}") = "OcelotDemo-master", "OcelotDemo-master", "{91081E21-2C7F-432A-B714-B228208C627E}"
EndProject
Project("{9A19103F-16F7-4668-BE54-9A1E7A4F7556}") = "IdentityServer", "G:\workspace\Demo\MicroServiceProjects\OcelotDemo-master\IdentityServer\IdentityServer.csproj", "{4E9D168F-5EA7-4973-AAA9-3FB78B8037BC}"
EndProject
Project("{9A19103F-16F7-4668-BE54-9A1E7A4F7556}") = "OcelotConsole", "G:\workspace\Demo\MicroServiceProjects\OcelotDemo-master\OcelotConsole\OcelotConsole.csproj", "{F87E0CBD-74F8-4461-ADF0-8DC98B397AFA}"
EndProject
Project("{9A19103F-16F7-4668-BE54-9A1E7A4F7556}") = "OcelotDemo", "G:\workspace\Demo\MicroServiceProjects\OcelotDemo-master\OcelotDemo\OcelotDemo.csproj", "{E9BBE9C7-A4C8-4B2A-B5F3-ECB0EEBD5DFE}"
EndProject
Project("{9A19103F-16F7-4668-BE54-9A1E7A4F7556}") = "OcelotDownAPI", "G:\workspace\Demo\MicroServiceProjects\OcelotDemo-master\OcelotDownAPI\OcelotDownAPI.csproj", "{0909AA57-24C5-4EE9-AF8E-E265D18D8372}"
EndProject
Project("{2150E333-8FDC-42A3-9474-1A3956D46DE8}") = "RabbitMQTest", "RabbitMQTest", "{FAC9E0F0-7D9B-45CB-9884-AA14E5B86B14}"
EndProject
Project("{9A19103F-16F7-4668-BE54-9A1E7A4F7556}") = "Messages", "G:\workspace\Demo\MicroServiceProjects\Messages\Messages.csproj", "{E3055B64-D9B0-460F-A9BF-D914F86EC632}"
EndProject
Project("{9A19103F-16F7-4668-BE54-9A1E7A4F7556}") = "Publisher", "G:\workspace\Demo\MicroServiceProjects\Publisher\Publisher.csproj", "{B075A46E-E502-4C6E-8416-C19263A5D9EB}"
EndProject
Project("{9A19103F-16F7-4668-BE54-9A1E7A4F7556}") = "Subscriber", "G:\workspace\Demo\MicroServiceProjects\Subscriber\Subscriber.csproj", "{5B94E83E-710B-489A-96C6-F25ED911B4FA}"
EndProject
Project("{9A19103F-16F7-4668-BE54-9A1E7A4F7556}") = "Subscriber2", "G:\workspace\Demo\MicroServiceProjects\Subscriber2\Subscriber2.csproj", "{FF4940C9-C3F3-4F72-B8BE-5C090C810699}"
EndProject
Project("{2150E333-8FDC-42A3-9474-1A3956D46DE8}") = "WinForm", "WinForm", "{7C6E632B-18C2-4AEF-B9E1-D7FBCDB5F6F4}"
EndProject
Project("{9A19103F-16F7-4668-BE54-9A1E7A4F7556}") = "WinFormsApp1", "G:\workspace\Demo\MicroServiceProjects\WinFormsApp1\WinFormsApp1.csproj", "{309A2CAC-BD9C-4AB2-AF22-9BABC6D9B7FE}"
EndProject
Project("{2150E333-8FDC-42A3-9474-1A3956D46DE8}") = "ConsulProjects", "ConsulProjects", "{AA4E4B9A-E199-4AFB-AC95-44BAB71E0F57}"
EndProject
Project("{9A19103F-16F7-4668-BE54-9A1E7A4F7556}") = "WebApi", "G:\workspace\Demo\MicroServiceProjects\WebApi\WebApi.csproj", "{76117E3A-5C8C-4C8A-B308-CD72FC9F512B}"
EndProject
Project("{9A19103F-16F7-4668-BE54-9A1E7A4F7556}") = "DataModel", "G:\workspace\Demo\MicroServiceProjects\DataModel\DataModel.csproj", "{FC7D51C8-AFD3-400F-8C45-056C651DF72E}"
EndProject
Project("{9A19103F-16F7-4668-BE54-9A1E7A4F7556}") = "WebApp", "G:\workspace\Demo\MicroServiceProjects\WebApp\WebApp.csproj", "{592334F7-1B23-40D0-9D97-E5F6DC45770F}"
EndProject
Project("{9A19103F-16F7-4668-BE54-9A1E7A4F7556}") = "GateWay", "G:\workspace\Demo\MicroServiceProjects\GateWay\GateWay.csproj", "{C8A863E1-9F1F-4B19-8FD0-05393CD84066}"
EndProject
Project("{9A19103F-16F7-4668-BE54-9A1E7A4F7556}") = "Microservices.Extensions", "G:\workspace\Demo\MicroServiceProjects\Microservices.Extensions\Microservices.Extensions.csproj", "{A616EAD9-C061-47CB-8757-0CB527EAF8FE}"
EndProject
Project("{9A19103F-16F7-4668-BE54-9A1E7A4F7556}") = "EmailNoticeService", "G:\workspace\Demo\MicroServiceProjects\EmailNoticeService\EmailNoticeService.csproj", "{9482CD32-CFFA-481A-9016-7852F36E00BE}"
EndProject
Project("{9A19103F-16F7-4668-BE54-9A1E7A4F7556}") = "ConsulServiceManager", "G:\workspace\Demo\MicroServiceProjects\ConsulServiceManager\ConsulServiceManager.csproj", "{CA7AF57E-4D15-430F-8D32-D857E6543F45}"
EndProject
Project("{9A19103F-16F7-4668-BE54-9A1E7A4F7556}") = "DockerWebApi", "G:\workspace\Demo\MicroServiceProjects\DockerWebApi\DockerWebApi.csproj", "{E5C2371C-6A2B-4E86-9470-50F1BCC26AEE}"
EndProject
Project("{9A19103F-16F7-4668-BE54-9A1E7A4F7556}") = "DockerWebApp", "G:\workspace\Demo\MicroServiceProjects\DockerWebApp\DockerWebApp.csproj", "{B3C77753-FB85-4A1F-87E5-5D79A99E5FC8}"
EndProject
Project("{9A19103F-16F7-4668-BE54-9A1E7A4F7556}") = "DockerGateWay", "G:\workspace\Demo\MicroServiceProjects\DockerGateWay\DockerGateWay.csproj", "{14028E96-23E1-4F3E-9426-59F282FF39D4}"
EndProject
Project("{9A19103F-16F7-4668-BE54-9A1E7A4F7556}") = "DockerAppSetting", "G:\workspace\Demo\MicroServiceProjects\DockerAppSetting\DockerAppSetting.csproj", "{5117DCC9-6780-4DE0-9D17-6F6D2DFC1DF6}"
EndProject
Project("{2150E333-8FDC-42A3-9474-1A3956D46DE8}") = "MiddlewareProjects", "MiddlewareProjects", "{BDEF94D3-4316-42AE-A33E-A4BB63A75AF1}"
EndProject
Project("{9A19103F-16F7-4668-BE54-9A1E7A4F7556}") = "MiddlewareTest", "G:\workspace\Demo\MicroServiceProjects\MiddlewareTest\MiddlewareTest.csproj", "{9FE0DC0B-FE28-4B83-9191-7F3D7F26EDA9}"
EndProject
Project("{9A19103F-16F7-4668-BE54-9A1E7A4F7556}") = "PublisherService", "G:\workspace\Demo\MicroServiceProjects\PublisherService\PublisherService.csproj", "{97978396-F162-4963-AF1A-037142A84D7A}"
EndProject
Project("{9A19103F-16F7-4668-BE54-9A1E7A4F7556}") = "ConsumerService", "G:\workspace\Demo\MicroServiceProjects\ConsumerService\ConsumerService.csproj", "{CF31900A-D143-4241-B7EE-3396009CC9C9}"
EndProject
Project("{9A19103F-16F7-4668-BE54-9A1E7A4F7556}") = "New.WebApi", "G:\workspace\Demo\MicroServiceProjects\New.WebApi\New.WebApi.csproj", "{BF540210-B0E8-45D8-8D25-8E4D0B96B172}"
EndProject
Project("{2150E333-8FDC-42A3-9474-1A3956D46DE8}") = "Task-ThreadPool-Thread", "Task-ThreadPool-Thread", "{9E6520B6-5330-44B4-806B-82DED13A70DE}"
EndProject
Project("{FAE04EC0-301F-11D3-BF4B-00C04F79EFBC}") = "ThreadTest", "G:\workspace\Demo\MicroServiceProjects\TheadTest\ThreadTest.csproj", "{5BFE27AB-FFC6-4AD3-88DA-7BA9CEFC1AEA}"
EndProject
Project("{FAE04EC0-301F-11D3-BF4B-00C04F79EFBC}") = "ThreadPoolTest", "G:\workspace\Demo\MicroServiceProjects\TheadPoolTest\ThreadPoolTest.csproj", "{2135A618-C782-4A7F-AEFC-379D8EF00E33}"
EndProject
Project("{FAE04EC0-301F-11D3-BF4B-00C04F79EFBC}") = "TaskTest", "G:\workspace\Demo\MicroServiceProjects\TaskTest\TaskTest.csproj", "{7878CB9C-67C6-44E9-8182-5BB0DF35D3FB}"
EndProject
Project("{2150E333-8FDC-42A3-9474-1A3956D46DE8}") = "WPF", "WPF", "{02EA681E-C7D8-13C7-8484-4AC65E1B71E8}"
EndProject
Project("{FAE04EC0-301F-11D3-BF4B-00C04F79EFBC}") = "WpfApp", "G:\workspace\Demo\MicroServiceProjects\WpfApp\WpfApp.csproj", "{CB548DC2-7D9C-4AE6-9D0A-FB786CDD2DE8}"
EndProject
Project("{FAE04EC0-301F-11D3-BF4B-00C04F79EFBC}") = "WpfApp.StyleTemplate", "G:\workspace\Demo\MicroServiceProjects\WpfApp.StyleTemplate\WpfApp.StyleTemplate.csproj", "{22177F0D-71B6-4428-9B9B-8B4806D77AFC}"
EndProject
Project("{FAE04EC0-301F-11D3-BF4B-00C04F79EFBC}") = "WpfLib", "G:\workspace\Demo\MicroServiceProjects\WpfLib\WpfLib.csproj", "{1E2C5B87-8ED6-4F9F-99DE-3FBA6C875EFB}"
EndProject
Project("{FAE04EC0-301F-11D3-BF4B-00C04F79EFBC}") = "WpfApp.DP", "WpfApp.DP\WpfApp.DP.csproj", "{6C0B0C6F-CE9F-42C1-881C-0B381537E7AF}"
EndProject
Global
	GlobalSection(SolutionConfigurationPlatforms) = preSolution
		Debug|Any CPU = Debug|Any CPU
		Release|Any CPU = Release|Any CPU
	EndGlobalSection
	GlobalSection(ProjectConfigurationPlatforms) = postSolution
		{4E9D168F-5EA7-4973-AAA9-3FB78B8037BC}.Debug|Any CPU.ActiveCfg = Debug|Any CPU
		{4E9D168F-5EA7-4973-AAA9-3FB78B8037BC}.Debug|Any CPU.Build.0 = Debug|Any CPU
		{4E9D168F-5EA7-4973-AAA9-3FB78B8037BC}.Release|Any CPU.ActiveCfg = Release|Any CPU
		{4E9D168F-5EA7-4973-AAA9-3FB78B8037BC}.Release|Any CPU.Build.0 = Release|Any CPU
		{F87E0CBD-74F8-4461-ADF0-8DC98B397AFA}.Debug|Any CPU.ActiveCfg = Debug|Any CPU
		{F87E0CBD-74F8-4461-ADF0-8DC98B397AFA}.Debug|Any CPU.Build.0 = Debug|Any CPU
		{F87E0CBD-74F8-4461-ADF0-8DC98B397AFA}.Release|Any CPU.ActiveCfg = Release|Any CPU
		{F87E0CBD-74F8-4461-ADF0-8DC98B397AFA}.Release|Any CPU.Build.0 = Release|Any CPU
		{E9BBE9C7-A4C8-4B2A-B5F3-ECB0EEBD5DFE}.Debug|Any CPU.ActiveCfg = Debug|Any CPU
		{E9BBE9C7-A4C8-4B2A-B5F3-ECB0EEBD5DFE}.Debug|Any CPU.Build.0 = Debug|Any CPU
		{E9BBE9C7-A4C8-4B2A-B5F3-ECB0EEBD5DFE}.Release|Any CPU.ActiveCfg = Release|Any CPU
		{E9BBE9C7-A4C8-4B2A-B5F3-ECB0EEBD5DFE}.Release|Any CPU.Build.0 = Release|Any CPU
		{0909AA57-24C5-4EE9-AF8E-E265D18D8372}.Debug|Any CPU.ActiveCfg = Debug|Any CPU
		{0909AA57-24C5-4EE9-AF8E-E265D18D8372}.Debug|Any CPU.Build.0 = Debug|Any CPU
		{0909AA57-24C5-4EE9-AF8E-E265D18D8372}.Release|Any CPU.ActiveCfg = Release|Any CPU
		{0909AA57-24C5-4EE9-AF8E-E265D18D8372}.Release|Any CPU.Build.0 = Release|Any CPU
		{E3055B64-D9B0-460F-A9BF-D914F86EC632}.Debug|Any CPU.ActiveCfg = Debug|Any CPU
		{E3055B64-D9B0-460F-A9BF-D914F86EC632}.Debug|Any CPU.Build.0 = Debug|Any CPU
		{E3055B64-D9B0-460F-A9BF-D914F86EC632}.Release|Any CPU.ActiveCfg = Release|Any CPU
		{E3055B64-D9B0-460F-A9BF-D914F86EC632}.Release|Any CPU.Build.0 = Release|Any CPU
		{B075A46E-E502-4C6E-8416-C19263A5D9EB}.Debug|Any CPU.ActiveCfg = Debug|Any CPU
		{B075A46E-E502-4C6E-8416-C19263A5D9EB}.Debug|Any CPU.Build.0 = Debug|Any CPU
		{B075A46E-E502-4C6E-8416-C19263A5D9EB}.Release|Any CPU.ActiveCfg = Release|Any CPU
		{B075A46E-E502-4C6E-8416-C19263A5D9EB}.Release|Any CPU.Build.0 = Release|Any CPU
		{5B94E83E-710B-489A-96C6-F25ED911B4FA}.Debug|Any CPU.ActiveCfg = Debug|Any CPU
		{5B94E83E-710B-489A-96C6-F25ED911B4FA}.Debug|Any CPU.Build.0 = Debug|Any CPU
		{5B94E83E-710B-489A-96C6-F25ED911B4FA}.Release|Any CPU.ActiveCfg = Release|Any CPU
		{5B94E83E-710B-489A-96C6-F25ED911B4FA}.Release|Any CPU.Build.0 = Release|Any CPU
		{FF4940C9-C3F3-4F72-B8BE-5C090C810699}.Debug|Any CPU.ActiveCfg = Debug|Any CPU
		{FF4940C9-C3F3-4F72-B8BE-5C090C810699}.Debug|Any CPU.Build.0 = Debug|Any CPU
		{FF4940C9-C3F3-4F72-B8BE-5C090C810699}.Release|Any CPU.ActiveCfg = Release|Any CPU
		{FF4940C9-C3F3-4F72-B8BE-5C090C810699}.Release|Any CPU.Build.0 = Release|Any CPU
		{309A2CAC-BD9C-4AB2-AF22-9BABC6D9B7FE}.Debug|Any CPU.ActiveCfg = Debug|Any CPU
		{309A2CAC-BD9C-4AB2-AF22-9BABC6D9B7FE}.Debug|Any CPU.Build.0 = Debug|Any CPU
		{309A2CAC-BD9C-4AB2-AF22-9BABC6D9B7FE}.Release|Any CPU.ActiveCfg = Release|Any CPU
		{309A2CAC-BD9C-4AB2-AF22-9BABC6D9B7FE}.Release|Any CPU.Build.0 = Release|Any CPU
		{76117E3A-5C8C-4C8A-B308-CD72FC9F512B}.Debug|Any CPU.ActiveCfg = Debug|Any CPU
		{76117E3A-5C8C-4C8A-B308-CD72FC9F512B}.Debug|Any CPU.Build.0 = Debug|Any CPU
		{76117E3A-5C8C-4C8A-B308-CD72FC9F512B}.Release|Any CPU.ActiveCfg = Release|Any CPU
		{76117E3A-5C8C-4C8A-B308-CD72FC9F512B}.Release|Any CPU.Build.0 = Release|Any CPU
		{FC7D51C8-AFD3-400F-8C45-056C651DF72E}.Debug|Any CPU.ActiveCfg = Debug|Any CPU
		{FC7D51C8-AFD3-400F-8C45-056C651DF72E}.Debug|Any CPU.Build.0 = Debug|Any CPU
		{FC7D51C8-AFD3-400F-8C45-056C651DF72E}.Release|Any CPU.ActiveCfg = Release|Any CPU
		{FC7D51C8-AFD3-400F-8C45-056C651DF72E}.Release|Any CPU.Build.0 = Release|Any CPU
		{592334F7-1B23-40D0-9D97-E5F6DC45770F}.Debug|Any CPU.ActiveCfg = Debug|Any CPU
		{592334F7-1B23-40D0-9D97-E5F6DC45770F}.Debug|Any CPU.Build.0 = Debug|Any CPU
		{592334F7-1B23-40D0-9D97-E5F6DC45770F}.Release|Any CPU.ActiveCfg = Release|Any CPU
		{592334F7-1B23-40D0-9D97-E5F6DC45770F}.Release|Any CPU.Build.0 = Release|Any CPU
		{C8A863E1-9F1F-4B19-8FD0-05393CD84066}.Debug|Any CPU.ActiveCfg = Debug|Any CPU
		{C8A863E1-9F1F-4B19-8FD0-05393CD84066}.Debug|Any CPU.Build.0 = Debug|Any CPU
		{C8A863E1-9F1F-4B19-8FD0-05393CD84066}.Release|Any CPU.ActiveCfg = Release|Any CPU
		{C8A863E1-9F1F-4B19-8FD0-05393CD84066}.Release|Any CPU.Build.0 = Release|Any CPU
		{A616EAD9-C061-47CB-8757-0CB527EAF8FE}.Debug|Any CPU.ActiveCfg = Debug|Any CPU
		{A616EAD9-C061-47CB-8757-0CB527EAF8FE}.Debug|Any CPU.Build.0 = Debug|Any CPU
		{A616EAD9-C061-47CB-8757-0CB527EAF8FE}.Release|Any CPU.ActiveCfg = Release|Any CPU
		{A616EAD9-C061-47CB-8757-0CB527EAF8FE}.Release|Any CPU.Build.0 = Release|Any CPU
		{9482CD32-CFFA-481A-9016-7852F36E00BE}.Debug|Any CPU.ActiveCfg = Debug|Any CPU
		{9482CD32-CFFA-481A-9016-7852F36E00BE}.Debug|Any CPU.Build.0 = Debug|Any CPU
		{9482CD32-CFFA-481A-9016-7852F36E00BE}.Release|Any CPU.ActiveCfg = Release|Any CPU
		{9482CD32-CFFA-481A-9016-7852F36E00BE}.Release|Any CPU.Build.0 = Release|Any CPU
		{CA7AF57E-4D15-430F-8D32-D857E6543F45}.Debug|Any CPU.ActiveCfg = Debug|Any CPU
		{CA7AF57E-4D15-430F-8D32-D857E6543F45}.Debug|Any CPU.Build.0 = Debug|Any CPU
		{CA7AF57E-4D15-430F-8D32-D857E6543F45}.Release|Any CPU.ActiveCfg = Release|Any CPU
		{CA7AF57E-4D15-430F-8D32-D857E6543F45}.Release|Any CPU.Build.0 = Release|Any CPU
		{E5C2371C-6A2B-4E86-9470-50F1BCC26AEE}.Debug|Any CPU.ActiveCfg = Debug|Any CPU
		{E5C2371C-6A2B-4E86-9470-50F1BCC26AEE}.Debug|Any CPU.Build.0 = Debug|Any CPU
		{E5C2371C-6A2B-4E86-9470-50F1BCC26AEE}.Release|Any CPU.ActiveCfg = Release|Any CPU
		{E5C2371C-6A2B-4E86-9470-50F1BCC26AEE}.Release|Any CPU.Build.0 = Release|Any CPU
		{B3C77753-FB85-4A1F-87E5-5D79A99E5FC8}.Debug|Any CPU.ActiveCfg = Debug|Any CPU
		{B3C77753-FB85-4A1F-87E5-5D79A99E5FC8}.Debug|Any CPU.Build.0 = Debug|Any CPU
		{B3C77753-FB85-4A1F-87E5-5D79A99E5FC8}.Release|Any CPU.ActiveCfg = Release|Any CPU
		{B3C77753-FB85-4A1F-87E5-5D79A99E5FC8}.Release|Any CPU.Build.0 = Release|Any CPU
		{14028E96-23E1-4F3E-9426-59F282FF39D4}.Debug|Any CPU.ActiveCfg = Debug|Any CPU
		{14028E96-23E1-4F3E-9426-59F282FF39D4}.Debug|Any CPU.Build.0 = Debug|Any CPU
		{14028E96-23E1-4F3E-9426-59F282FF39D4}.Release|Any CPU.ActiveCfg = Release|Any CPU
		{14028E96-23E1-4F3E-9426-59F282FF39D4}.Release|Any CPU.Build.0 = Release|Any CPU
		{5117DCC9-6780-4DE0-9D17-6F6D2DFC1DF6}.Debug|Any CPU.ActiveCfg = Debug|Any CPU
		{5117DCC9-6780-4DE0-9D17-6F6D2DFC1DF6}.Debug|Any CPU.Build.0 = Debug|Any CPU
		{5117DCC9-6780-4DE0-9D17-6F6D2DFC1DF6}.Release|Any CPU.ActiveCfg = Release|Any CPU
		{5117DCC9-6780-4DE0-9D17-6F6D2DFC1DF6}.Release|Any CPU.Build.0 = Release|Any CPU
		{9FE0DC0B-FE28-4B83-9191-7F3D7F26EDA9}.Debug|Any CPU.ActiveCfg = Debug|Any CPU
		{9FE0DC0B-FE28-4B83-9191-7F3D7F26EDA9}.Debug|Any CPU.Build.0 = Debug|Any CPU
		{9FE0DC0B-FE28-4B83-9191-7F3D7F26EDA9}.Release|Any CPU.ActiveCfg = Release|Any CPU
		{9FE0DC0B-FE28-4B83-9191-7F3D7F26EDA9}.Release|Any CPU.Build.0 = Release|Any CPU
		{97978396-F162-4963-AF1A-037142A84D7A}.Debug|Any CPU.ActiveCfg = Debug|Any CPU
		{97978396-F162-4963-AF1A-037142A84D7A}.Debug|Any CPU.Build.0 = Debug|Any CPU
		{97978396-F162-4963-AF1A-037142A84D7A}.Release|Any CPU.ActiveCfg = Release|Any CPU
		{97978396-F162-4963-AF1A-037142A84D7A}.Release|Any CPU.Build.0 = Release|Any CPU
		{CF31900A-D143-4241-B7EE-3396009CC9C9}.Debug|Any CPU.ActiveCfg = Debug|Any CPU
		{CF31900A-D143-4241-B7EE-3396009CC9C9}.Debug|Any CPU.Build.0 = Debug|Any CPU
		{CF31900A-D143-4241-B7EE-3396009CC9C9}.Release|Any CPU.ActiveCfg = Release|Any CPU
		{CF31900A-D143-4241-B7EE-3396009CC9C9}.Release|Any CPU.Build.0 = Release|Any CPU
		{BF540210-B0E8-45D8-8D25-8E4D0B96B172}.Debug|Any CPU.ActiveCfg = Debug|Any CPU
		{BF540210-B0E8-45D8-8D25-8E4D0B96B172}.Debug|Any CPU.Build.0 = Debug|Any CPU
		{BF540210-B0E8-45D8-8D25-8E4D0B96B172}.Release|Any CPU.ActiveCfg = Release|Any CPU
		{BF540210-B0E8-45D8-8D25-8E4D0B96B172}.Release|Any CPU.Build.0 = Release|Any CPU
		{5BFE27AB-FFC6-4AD3-88DA-7BA9CEFC1AEA}.Debug|Any CPU.ActiveCfg = Debug|Any CPU
		{5BFE27AB-FFC6-4AD3-88DA-7BA9CEFC1AEA}.Debug|Any CPU.Build.0 = Debug|Any CPU
		{5BFE27AB-FFC6-4AD3-88DA-7BA9CEFC1AEA}.Release|Any CPU.ActiveCfg = Release|Any CPU
		{5BFE27AB-FFC6-4AD3-88DA-7BA9CEFC1AEA}.Release|Any CPU.Build.0 = Release|Any CPU
		{2135A618-C782-4A7F-AEFC-379D8EF00E33}.Debug|Any CPU.ActiveCfg = Debug|Any CPU
		{2135A618-C782-4A7F-AEFC-379D8EF00E33}.Debug|Any CPU.Build.0 = Debug|Any CPU
		{2135A618-C782-4A7F-AEFC-379D8EF00E33}.Release|Any CPU.ActiveCfg = Release|Any CPU
		{2135A618-C782-4A7F-AEFC-379D8EF00E33}.Release|Any CPU.Build.0 = Release|Any CPU
		{7878CB9C-67C6-44E9-8182-5BB0DF35D3FB}.Debug|Any CPU.ActiveCfg = Debug|Any CPU
		{7878CB9C-67C6-44E9-8182-5BB0DF35D3FB}.Debug|Any CPU.Build.0 = Debug|Any CPU
		{7878CB9C-67C6-44E9-8182-5BB0DF35D3FB}.Release|Any CPU.ActiveCfg = Release|Any CPU
		{7878CB9C-67C6-44E9-8182-5BB0DF35D3FB}.Release|Any CPU.Build.0 = Release|Any CPU
		{CB548DC2-7D9C-4AE6-9D0A-FB786CDD2DE8}.Debug|Any CPU.ActiveCfg = Debug|Any CPU
		{CB548DC2-7D9C-4AE6-9D0A-FB786CDD2DE8}.Debug|Any CPU.Build.0 = Debug|Any CPU
		{CB548DC2-7D9C-4AE6-9D0A-FB786CDD2DE8}.Release|Any CPU.ActiveCfg = Release|Any CPU
		{CB548DC2-7D9C-4AE6-9D0A-FB786CDD2DE8}.Release|Any CPU.Build.0 = Release|Any CPU
		{22177F0D-71B6-4428-9B9B-8B4806D77AFC}.Debug|Any CPU.ActiveCfg = Debug|Any CPU
		{22177F0D-71B6-4428-9B9B-8B4806D77AFC}.Debug|Any CPU.Build.0 = Debug|Any CPU
		{22177F0D-71B6-4428-9B9B-8B4806D77AFC}.Release|Any CPU.ActiveCfg = Release|Any CPU
		{22177F0D-71B6-4428-9B9B-8B4806D77AFC}.Release|Any CPU.Build.0 = Release|Any CPU
		{1E2C5B87-8ED6-4F9F-99DE-3FBA6C875EFB}.Debug|Any CPU.ActiveCfg = Debug|Any CPU
		{1E2C5B87-8ED6-4F9F-99DE-3FBA6C875EFB}.Debug|Any CPU.Build.0 = Debug|Any CPU
		{1E2C5B87-8ED6-4F9F-99DE-3FBA6C875EFB}.Release|Any CPU.ActiveCfg = Release|Any CPU
		{1E2C5B87-8ED6-4F9F-99DE-3FBA6C875EFB}.Release|Any CPU.Build.0 = Release|Any CPU
		{6C0B0C6F-CE9F-42C1-881C-0B381537E7AF}.Debug|Any CPU.ActiveCfg = Debug|Any CPU
		{6C0B0C6F-CE9F-42C1-881C-0B381537E7AF}.Debug|Any CPU.Build.0 = Debug|Any CPU
		{6C0B0C6F-CE9F-42C1-881C-0B381537E7AF}.Release|Any CPU.ActiveCfg = Release|Any CPU
		{6C0B0C6F-CE9F-42C1-881C-0B381537E7AF}.Release|Any CPU.Build.0 = Release|Any CPU
	EndGlobalSection
	GlobalSection(SolutionProperties) = preSolution
		HideSolutionNode = FALSE
	EndGlobalSection
	GlobalSection(NestedProjects) = preSolution
		{4E9D168F-5EA7-4973-AAA9-3FB78B8037BC} = {91081E21-2C7F-432A-B714-B228208C627E}
		{F87E0CBD-74F8-4461-ADF0-8DC98B397AFA} = {91081E21-2C7F-432A-B714-B228208C627E}
		{E9BBE9C7-A4C8-4B2A-B5F3-ECB0EEBD5DFE} = {91081E21-2C7F-432A-B714-B228208C627E}
		{0909AA57-24C5-4EE9-AF8E-E265D18D8372} = {91081E21-2C7F-432A-B714-B228208C627E}
		{E3055B64-D9B0-460F-A9BF-D914F86EC632} = {FAC9E0F0-7D9B-45CB-9884-AA14E5B86B14}
		{B075A46E-E502-4C6E-8416-C19263A5D9EB} = {FAC9E0F0-7D9B-45CB-9884-AA14E5B86B14}
		{5B94E83E-710B-489A-96C6-F25ED911B4FA} = {FAC9E0F0-7D9B-45CB-9884-AA14E5B86B14}
		{FF4940C9-C3F3-4F72-B8BE-5C090C810699} = {FAC9E0F0-7D9B-45CB-9884-AA14E5B86B14}
		{309A2CAC-BD9C-4AB2-AF22-9BABC6D9B7FE} = {7C6E632B-18C2-4AEF-B9E1-D7FBCDB5F6F4}
		{76117E3A-5C8C-4C8A-B308-CD72FC9F512B} = {AA4E4B9A-E199-4AFB-AC95-44BAB71E0F57}
		{FC7D51C8-AFD3-400F-8C45-056C651DF72E} = {AA4E4B9A-E199-4AFB-AC95-44BAB71E0F57}
		{592334F7-1B23-40D0-9D97-E5F6DC45770F} = {AA4E4B9A-E199-4AFB-AC95-44BAB71E0F57}
		{C8A863E1-9F1F-4B19-8FD0-05393CD84066} = {AA4E4B9A-E199-4AFB-AC95-44BAB71E0F57}
		{A616EAD9-C061-47CB-8757-0CB527EAF8FE} = {AA4E4B9A-E199-4AFB-AC95-44BAB71E0F57}
		{9482CD32-CFFA-481A-9016-7852F36E00BE} = {AA4E4B9A-E199-4AFB-AC95-44BAB71E0F57}
		{CA7AF57E-4D15-430F-8D32-D857E6543F45} = {AA4E4B9A-E199-4AFB-AC95-44BAB71E0F57}
		{E5C2371C-6A2B-4E86-9470-50F1BCC26AEE} = {AA4E4B9A-E199-4AFB-AC95-44BAB71E0F57}
		{B3C77753-FB85-4A1F-87E5-5D79A99E5FC8} = {AA4E4B9A-E199-4AFB-AC95-44BAB71E0F57}
		{14028E96-23E1-4F3E-9426-59F282FF39D4} = {AA4E4B9A-E199-4AFB-AC95-44BAB71E0F57}
		{5117DCC9-6780-4DE0-9D17-6F6D2DFC1DF6} = {AA4E4B9A-E199-4AFB-AC95-44BAB71E0F57}
		{9FE0DC0B-FE28-4B83-9191-7F3D7F26EDA9} = {BDEF94D3-4316-42AE-A33E-A4BB63A75AF1}
		{97978396-F162-4963-AF1A-037142A84D7A} = {FAC9E0F0-7D9B-45CB-9884-AA14E5B86B14}
		{CF31900A-D143-4241-B7EE-3396009CC9C9} = {FAC9E0F0-7D9B-45CB-9884-AA14E5B86B14}
		{BF540210-B0E8-45D8-8D25-8E4D0B96B172} = {BDEF94D3-4316-42AE-A33E-A4BB63A75AF1}
		{5BFE27AB-FFC6-4AD3-88DA-7BA9CEFC1AEA} = {9E6520B6-5330-44B4-806B-82DED13A70DE}
		{2135A618-C782-4A7F-AEFC-379D8EF00E33} = {9E6520B6-5330-44B4-806B-82DED13A70DE}
		{7878CB9C-67C6-44E9-8182-5BB0DF35D3FB} = {9E6520B6-5330-44B4-806B-82DED13A70DE}
		{CB548DC2-7D9C-4AE6-9D0A-FB786CDD2DE8} = {02EA681E-C7D8-13C7-8484-4AC65E1B71E8}
		{22177F0D-71B6-4428-9B9B-8B4806D77AFC} = {02EA681E-C7D8-13C7-8484-4AC65E1B71E8}
		{1E2C5B87-8ED6-4F9F-99DE-3FBA6C875EFB} = {02EA681E-C7D8-13C7-8484-4AC65E1B71E8}
		{6C0B0C6F-CE9F-42C1-881C-0B381537E7AF} = {02EA681E-C7D8-13C7-8484-4AC65E1B71E8}
	EndGlobalSection
	GlobalSection(ExtensibilityGlobals) = postSolution
		SolutionGuid = {4A7A1F57-8311-43F7-8734-CB3711A116EF}
	EndGlobalSection
EndGlobal
